
Microsoft Visual Studio Solution File, Format Version 12.00
# Visual Studio Version 16
VisualStudioVersion = 16.0.31005.135
MinimumVisualStudioVersion = 10.0.40219.1
Project("{FAE04EC0-301F-11D3-BF4B-00C04F79EFBC}") = "EjerciciosPrueba4", "EjerciciosPrueba4\EjerciciosPrueba4.csproj", "{50AE6BD5-2AC6-478A-BC11-3018D0458C94}"
EndProject
Global
	GlobalSection(SolutionConfigurationPlatforms) = preSolution
		Debug|Any CPU = Debug|Any CPU
		Release|Any CPU = Release|Any CPU
	EndGlobalSection
	GlobalSection(ProjectConfigurationPlatforms) = postSolution
		{50AE6BD5-2AC6-478A-BC11-3018D0458C94}.Debug|Any CPU.ActiveCfg = Debug|Any CPU
		{50AE6BD5-2AC6-478A-BC11-3018D0458C94}.Debug|Any CPU.Build.0 = Debug|Any CPU
		{50AE6BD5-2AC6-478A-BC11-3018D0458C94}.Release|Any CPU.ActiveCfg = Release|Any CPU
		{50AE6BD5-2AC6-478A-BC11-3018D0458C94}.Release|Any CPU.Build.0 = Release|Any CPU
	EndGlobalSection
	GlobalSection(SolutionProperties) = preSolution
		HideSolutionNode = FALSE
	EndGlobalSection
	GlobalSection(ExtensibilityGlobals) = postSolution
		SolutionGuid = {ACD8CCCF-61A9-499E-8836-49B33D53352E}
	EndGlobalSection
EndGlobal
