
Microsoft Visual Studio Solution File, Format Version 12.00
# Visual Studio Version 16
VisualStudioVersion = 16.0.31005.135
MinimumVisualStudioVersion = 10.0.40219.1
Project("{FAE04EC0-301F-11D3-BF4B-00C04F79EFBC}") = "NoRepetidos", "NoRepetidos\NoRepetidos.csproj", "{4806267B-6E22-4F71-BBD0-7648BC578795}"
EndProject
Global
	GlobalSection(SolutionConfigurationPlatforms) = preSolution
		Debug|Any CPU = Debug|Any CPU
		Release|Any CPU = Release|Any CPU
	EndGlobalSection
	GlobalSection(ProjectConfigurationPlatforms) = postSolution
		{4806267B-6E22-4F71-BBD0-7648BC578795}.Debug|Any CPU.ActiveCfg = Debug|Any CPU
		{4806267B-6E22-4F71-BBD0-7648BC578795}.Debug|Any CPU.Build.0 = Debug|Any CPU
		{4806267B-6E22-4F71-BBD0-7648BC578795}.Release|Any CPU.ActiveCfg = Release|Any CPU
		{4806267B-6E22-4F71-BBD0-7648BC578795}.Release|Any CPU.Build.0 = Release|Any CPU
	EndGlobalSection
	GlobalSection(SolutionProperties) = preSolution
		HideSolutionNode = FALSE
	EndGlobalSection
	GlobalSection(ExtensibilityGlobals) = postSolution
		SolutionGuid = {A4AA1AAC-2006-4DC6-990D-C4EE6F40BBE3}
	EndGlobalSection
EndGlobal
