
Microsoft Visual Studio Solution File, Format Version 12.00
# Visual Studio Version 16
VisualStudioVersion = 16.0.31005.135
MinimumVisualStudioVersion = 10.0.40219.1
Project("{FAE04EC0-301F-11D3-BF4B-00C04F79EFBC}") = "OrdenacionVector", "OrdenacionVector\OrdenacionVector.csproj", "{CCEA567B-A640-4172-8747-01F09A8750B7}"
EndProject
Global
	GlobalSection(SolutionConfigurationPlatforms) = preSolution
		Debug|Any CPU = Debug|Any CPU
		Release|Any CPU = Release|Any CPU
	EndGlobalSection
	GlobalSection(ProjectConfigurationPlatforms) = postSolution
		{CCEA567B-A640-4172-8747-01F09A8750B7}.Debug|Any CPU.ActiveCfg = Debug|Any CPU
		{CCEA567B-A640-4172-8747-01F09A8750B7}.Debug|Any CPU.Build.0 = Debug|Any CPU
		{CCEA567B-A640-4172-8747-01F09A8750B7}.Release|Any CPU.ActiveCfg = Release|Any CPU
		{CCEA567B-A640-4172-8747-01F09A8750B7}.Release|Any CPU.Build.0 = Release|Any CPU
	EndGlobalSection
	GlobalSection(SolutionProperties) = preSolution
		HideSolutionNode = FALSE
	EndGlobalSection
	GlobalSection(ExtensibilityGlobals) = postSolution
		SolutionGuid = {2BEC7410-DA39-452F-B731-785D6E2BFF21}
	EndGlobalSection
EndGlobal
